
Microsoft Visual Studio Solution File, Format Version 12.00
# Visual Studio Version 17
VisualStudioVersion = 17.4.33122.133
MinimumVisualStudioVersion = 10.0.40219.1
Project("{FAE04EC0-301F-11D3-BF4B-00C04F79EFBC}") = "EjemploBanca", "EjemploBanca\EjemploBanca.csproj", "{7444D003-CC16-41C0-957F-B7DD61A4955F}"
EndProject
Project("{9A19103F-16F7-4668-BE54-9A1E7A4F7556}") = "ProyectoPruebaMSTest", "ProyectoPruebaMSTest\ProyectoPruebaMSTest.csproj", "{40F6C706-E118-48B7-9EF0-270D3EF4CD13}"
EndProject
Project("{FAE04EC0-301F-11D3-BF4B-00C04F79EFBC}") = "PruebaMSTestSpectFlow", "PruebaMSTestSpectFlow\PruebaMSTestSpectFlow.csproj", "{983020F9-D17E-4BAC-B470-31907E704F63}"
EndProject
Project("{FAE04EC0-301F-11D3-BF4B-00C04F79EFBC}") = "ProyectoPruebaMSTest_MethodoPrivado", "ProyectoPruebaMSTest_MethodoPrivado\ProyectoPruebaMSTest_MethodoPrivado.csproj", "{2EBD25C1-D373-4675-B9E8-26448916EEB3}"
EndProject
Global
	GlobalSection(SolutionConfigurationPlatforms) = preSolution
		Debug|Any CPU = Debug|Any CPU
		Release|Any CPU = Release|Any CPU
	EndGlobalSection
	GlobalSection(ProjectConfigurationPlatforms) = postSolution
		{7444D003-CC16-41C0-957F-B7DD61A4955F}.Debug|Any CPU.ActiveCfg = Debug|Any CPU
		{7444D003-CC16-41C0-957F-B7DD61A4955F}.Debug|Any CPU.Build.0 = Debug|Any CPU
		{7444D003-CC16-41C0-957F-B7DD61A4955F}.Release|Any CPU.ActiveCfg = Release|Any CPU
		{7444D003-CC16-41C0-957F-B7DD61A4955F}.Release|Any CPU.Build.0 = Release|Any CPU
		{40F6C706-E118-48B7-9EF0-270D3EF4CD13}.Debug|Any CPU.ActiveCfg = Debug|Any CPU
		{40F6C706-E118-48B7-9EF0-270D3EF4CD13}.Debug|Any CPU.Build.0 = Debug|Any CPU
		{40F6C706-E118-48B7-9EF0-270D3EF4CD13}.Release|Any CPU.ActiveCfg = Release|Any CPU
		{40F6C706-E118-48B7-9EF0-270D3EF4CD13}.Release|Any CPU.Build.0 = Release|Any CPU
		{983020F9-D17E-4BAC-B470-31907E704F63}.Debug|Any CPU.ActiveCfg = Debug|Any CPU
		{983020F9-D17E-4BAC-B470-31907E704F63}.Debug|Any CPU.Build.0 = Debug|Any CPU
		{983020F9-D17E-4BAC-B470-31907E704F63}.Release|Any CPU.ActiveCfg = Release|Any CPU
		{983020F9-D17E-4BAC-B470-31907E704F63}.Release|Any CPU.Build.0 = Release|Any CPU
		{2EBD25C1-D373-4675-B9E8-26448916EEB3}.Debug|Any CPU.ActiveCfg = Debug|Any CPU
		{2EBD25C1-D373-4675-B9E8-26448916EEB3}.Debug|Any CPU.Build.0 = Debug|Any CPU
		{2EBD25C1-D373-4675-B9E8-26448916EEB3}.Release|Any CPU.ActiveCfg = Release|Any CPU
		{2EBD25C1-D373-4675-B9E8-26448916EEB3}.Release|Any CPU.Build.0 = Release|Any CPU
	EndGlobalSection
	GlobalSection(SolutionProperties) = preSolution
		HideSolutionNode = FALSE
	EndGlobalSection
	GlobalSection(ExtensibilityGlobals) = postSolution
		SolutionGuid = {B4E0C4B5-1ECA-4D4A-9BFA-52850021FE1C}
	EndGlobalSection
EndGlobal
